
Microsoft Visual Studio Solution File, Format Version 12.00
# Visual Studio Version 17
VisualStudioVersion = 17.7.34024.191
MinimumVisualStudioVersion = 10.0.40219.1
Project("{8BC9CEB8-8B4A-11D0-8D11-00A0C91BC942}") = "FirstConsoleApplication", "FirstConsoleApplication\FirstConsoleApplication.vcxproj", "{D374CEDD-6D4A-4A7E-9109-0807ADC58B5E}"
EndProject
Project("{8BC9CEB8-8B4A-11D0-8D11-00A0C91BC942}") = "VariableConsoleApplication", "VariableConsoleApplication\VariableConsoleApplication.vcxproj", "{504E8E58-6616-4FDF-A872-805230CAF5B1}"
EndProject
Project("{2150E333-8FDC-42A3-9474-1A3956D46DE8}") = "0.1.Podstawy", "0.1.Podstawy", "{47FBC8D9-F513-4D5D-AC09-5773E587648B}"
EndProject
Project("{2150E333-8FDC-42A3-9474-1A3956D46DE8}") = "0.2.instrukcje decyzyjne", "0.2.instrukcje decyzyjne", "{5B1F3D37-653E-46AF-94BF-746AEB731C31}"
EndProject
Project("{8BC9CEB8-8B4A-11D0-8D11-00A0C91BC942}") = "Instruction_Console_Application", "Instruction_Console_Application\Instruction_Console_Application.vcxproj", "{DCF244A3-0AB7-4982-944C-5A71619CFF25}"
EndProject
Project("{8BC9CEB8-8B4A-11D0-8D11-00A0C91BC942}") = "LoopDoWhileConsole_Apllication", "LoopDoWhileConsole_Apllication\LoopDoWhileConsole_Apllication.vcxproj", "{F39B6B4B-CF87-4B44-A37C-FD8D82CF2595}"
EndProject
Project("{8BC9CEB8-8B4A-11D0-8D11-00A0C91BC942}") = "loopWhileconsoleApllication", "loopWhileconsoleApllication\loopWhileconsoleApllication.vcxproj", "{FB530CE8-80B3-4BE4-9233-6EDE76403DE8}"
EndProject
Project("{8BC9CEB8-8B4A-11D0-8D11-00A0C91BC942}") = "LoopForConsoleApplication", "LoopForConsoleApplication\LoopForConsoleApplication.vcxproj", "{8781177F-756B-4FDD-BABC-6A8D15050AE0}"
EndProject
Project("{2150E333-8FDC-42A3-9474-1A3956D46DE8}") = "kolekcje", "kolekcje", "{2B220551-6172-4BFC-A4B4-C40C9734491F}"
EndProject
Project("{8BC9CEB8-8B4A-11D0-8D11-00A0C91BC942}") = "HaractersConsoleApplication", "HaractersConsoleApplication\HaractersConsoleApplication.vcxproj", "{655ABD63-3997-4B0A-91BD-F6D3ABD28090}"
EndProject
Project("{8BC9CEB8-8B4A-11D0-8D11-00A0C91BC942}") = "ArrayConsoleApplication", "ArrayConsoleApplication\ArrayConsoleApplication.vcxproj", "{521BCFEF-A14C-4FAB-B1FD-3AE4887DC891}"
EndProject
Project("{2150E333-8FDC-42A3-9474-1A3956D46DE8}") = "0.5 Wskaźniki", "0.5 Wskaźniki", "{83F93B2B-F423-473C-A5AC-4D00382D54A4}"
EndProject
Project("{8BC9CEB8-8B4A-11D0-8D11-00A0C91BC942}") = "Pointers.ConsoleApplication", "Pointers.ConsoleApplication\Pointers.ConsoleApplication.vcxproj", "{5AA44412-A68D-4FBB-BB9A-FA33EA7A803C}"
EndProject
Project("{2150E333-8FDC-42A3-9474-1A3956D46DE8}") = "0.6 zadania", "0.6 zadania", "{811DAE9D-72A2-428D-851F-EE764A00FAC2}"
EndProject
Project("{8BC9CEB8-8B4A-11D0-8D11-00A0C91BC942}") = "Tasks.ConsoleApplication", "Tasks.ConsoleApplication\Tasks.ConsoleApplication.vcxproj", "{0C6C2FC2-1E51-4F54-8F1F-DB6C495B2FC1}"
EndProject
Project("{8BC9CEB8-8B4A-11D0-8D11-00A0C91BC942}") = "snakeConsoleApplication", "snakeConsoleApplication\snakeConsoleApplication.vcxproj", "{0C855495-E367-41D8-A530-C4782C88BF10}"
EndProject
Project("{8BC9CEB8-8B4A-11D0-8D11-00A0C91BC942}") = "skyConsoleApplication", "skyConsoleApplication\skyConsoleApplication.vcxproj", "{CD85A515-D6C7-40BD-A953-2F99625C37B3}"
EndProject
Project("{8BC9CEB8-8B4A-11D0-8D11-00A0C91BC942}") = "DrawRectangleConsoleApplication", "DrawRectangleConsoleApplication\DrawRectangleConsoleApplication.vcxproj", "{DA53CC57-641D-4657-8EF8-72C8B6FD72CF}"
EndProject
Project("{8BC9CEB8-8B4A-11D0-8D11-00A0C91BC942}") = "stopWatchConsoleApplication", "stopWatchConsoleApplication\stopWatchConsoleApplication.vcxproj", "{967DE601-0989-4E3B-87AD-42552BA96A76}"
EndProject
Project("{2150E333-8FDC-42A3-9474-1A3956D46DE8}") = "strukturalne", "strukturalne", "{BE2F281F-5D73-46B1-B12D-65F4341B39D0}"
EndProject
Project("{2150E333-8FDC-42A3-9474-1A3956D46DE8}") = "Obiektowe", "Obiektowe", "{58D33385-3547-43D4-9B5D-6C8C6261F0D8}"
EndProject
Global
	GlobalSection(SolutionConfigurationPlatforms) = preSolution
		Debug|x64 = Debug|x64
		Debug|x86 = Debug|x86
		Release|x64 = Release|x64
		Release|x86 = Release|x86
	EndGlobalSection
	GlobalSection(ProjectConfigurationPlatforms) = postSolution
		{D374CEDD-6D4A-4A7E-9109-0807ADC58B5E}.Debug|x64.ActiveCfg = Debug|x64
		{D374CEDD-6D4A-4A7E-9109-0807ADC58B5E}.Debug|x64.Build.0 = Debug|x64
		{D374CEDD-6D4A-4A7E-9109-0807ADC58B5E}.Debug|x86.ActiveCfg = Debug|Win32
		{D374CEDD-6D4A-4A7E-9109-0807ADC58B5E}.Debug|x86.Build.0 = Debug|Win32
		{D374CEDD-6D4A-4A7E-9109-0807ADC58B5E}.Release|x64.ActiveCfg = Release|x64
		{D374CEDD-6D4A-4A7E-9109-0807ADC58B5E}.Release|x64.Build.0 = Release|x64
		{D374CEDD-6D4A-4A7E-9109-0807ADC58B5E}.Release|x86.ActiveCfg = Release|Win32
		{D374CEDD-6D4A-4A7E-9109-0807ADC58B5E}.Release|x86.Build.0 = Release|Win32
		{504E8E58-6616-4FDF-A872-805230CAF5B1}.Debug|x64.ActiveCfg = Debug|x64
		{504E8E58-6616-4FDF-A872-805230CAF5B1}.Debug|x64.Build.0 = Debug|x64
		{504E8E58-6616-4FDF-A872-805230CAF5B1}.Debug|x86.ActiveCfg = Debug|Win32
		{504E8E58-6616-4FDF-A872-805230CAF5B1}.Debug|x86.Build.0 = Debug|Win32
		{504E8E58-6616-4FDF-A872-805230CAF5B1}.Release|x64.ActiveCfg = Release|x64
		{504E8E58-6616-4FDF-A872-805230CAF5B1}.Release|x64.Build.0 = Release|x64
		{504E8E58-6616-4FDF-A872-805230CAF5B1}.Release|x86.ActiveCfg = Release|Win32
		{504E8E58-6616-4FDF-A872-805230CAF5B1}.Release|x86.Build.0 = Release|Win32
		{DCF244A3-0AB7-4982-944C-5A71619CFF25}.Debug|x64.ActiveCfg = Debug|x64
		{DCF244A3-0AB7-4982-944C-5A71619CFF25}.Debug|x64.Build.0 = Debug|x64
		{DCF244A3-0AB7-4982-944C-5A71619CFF25}.Debug|x86.ActiveCfg = Debug|Win32
		{DCF244A3-0AB7-4982-944C-5A71619CFF25}.Debug|x86.Build.0 = Debug|Win32
		{DCF244A3-0AB7-4982-944C-5A71619CFF25}.Release|x64.ActiveCfg = Release|x64
		{DCF244A3-0AB7-4982-944C-5A71619CFF25}.Release|x64.Build.0 = Release|x64
		{DCF244A3-0AB7-4982-944C-5A71619CFF25}.Release|x86.ActiveCfg = Release|Win32
		{DCF244A3-0AB7-4982-944C-5A71619CFF25}.Release|x86.Build.0 = Release|Win32
		{F39B6B4B-CF87-4B44-A37C-FD8D82CF2595}.Debug|x64.ActiveCfg = Debug|x64
		{F39B6B4B-CF87-4B44-A37C-FD8D82CF2595}.Debug|x64.Build.0 = Debug|x64
		{F39B6B4B-CF87-4B44-A37C-FD8D82CF2595}.Debug|x86.ActiveCfg = Debug|Win32
		{F39B6B4B-CF87-4B44-A37C-FD8D82CF2595}.Debug|x86.Build.0 = Debug|Win32
		{F39B6B4B-CF87-4B44-A37C-FD8D82CF2595}.Release|x64.ActiveCfg = Release|x64
		{F39B6B4B-CF87-4B44-A37C-FD8D82CF2595}.Release|x64.Build.0 = Release|x64
		{F39B6B4B-CF87-4B44-A37C-FD8D82CF2595}.Release|x86.ActiveCfg = Release|Win32
		{F39B6B4B-CF87-4B44-A37C-FD8D82CF2595}.Release|x86.Build.0 = Release|Win32
		{FB530CE8-80B3-4BE4-9233-6EDE76403DE8}.Debug|x64.ActiveCfg = Debug|x64
		{FB530CE8-80B3-4BE4-9233-6EDE76403DE8}.Debug|x64.Build.0 = Debug|x64
		{FB530CE8-80B3-4BE4-9233-6EDE76403DE8}.Debug|x86.ActiveCfg = Debug|Win32
		{FB530CE8-80B3-4BE4-9233-6EDE76403DE8}.Debug|x86.Build.0 = Debug|Win32
		{FB530CE8-80B3-4BE4-9233-6EDE76403DE8}.Release|x64.ActiveCfg = Release|x64
		{FB530CE8-80B3-4BE4-9233-6EDE76403DE8}.Release|x64.Build.0 = Release|x64
		{FB530CE8-80B3-4BE4-9233-6EDE76403DE8}.Release|x86.ActiveCfg = Release|Win32
		{FB530CE8-80B3-4BE4-9233-6EDE76403DE8}.Release|x86.Build.0 = Release|Win32
		{8781177F-756B-4FDD-BABC-6A8D15050AE0}.Debug|x64.ActiveCfg = Debug|x64
		{8781177F-756B-4FDD-BABC-6A8D15050AE0}.Debug|x64.Build.0 = Debug|x64
		{8781177F-756B-4FDD-BABC-6A8D15050AE0}.Debug|x86.ActiveCfg = Debug|Win32
		{8781177F-756B-4FDD-BABC-6A8D15050AE0}.Debug|x86.Build.0 = Debug|Win32
		{8781177F-756B-4FDD-BABC-6A8D15050AE0}.Release|x64.ActiveCfg = Release|x64
		{8781177F-756B-4FDD-BABC-6A8D15050AE0}.Release|x64.Build.0 = Release|x64
		{8781177F-756B-4FDD-BABC-6A8D15050AE0}.Release|x86.ActiveCfg = Release|Win32
		{8781177F-756B-4FDD-BABC-6A8D15050AE0}.Release|x86.Build.0 = Release|Win32
		{655ABD63-3997-4B0A-91BD-F6D3ABD28090}.Debug|x64.ActiveCfg = Debug|x64
		{655ABD63-3997-4B0A-91BD-F6D3ABD28090}.Debug|x64.Build.0 = Debug|x64
		{655ABD63-3997-4B0A-91BD-F6D3ABD28090}.Debug|x86.ActiveCfg = Debug|Win32
		{655ABD63-3997-4B0A-91BD-F6D3ABD28090}.Debug|x86.Build.0 = Debug|Win32
		{655ABD63-3997-4B0A-91BD-F6D3ABD28090}.Release|x64.ActiveCfg = Release|x64
		{655ABD63-3997-4B0A-91BD-F6D3ABD28090}.Release|x64.Build.0 = Release|x64
		{655ABD63-3997-4B0A-91BD-F6D3ABD28090}.Release|x86.ActiveCfg = Release|Win32
		{655ABD63-3997-4B0A-91BD-F6D3ABD28090}.Release|x86.Build.0 = Release|Win32
		{521BCFEF-A14C-4FAB-B1FD-3AE4887DC891}.Debug|x64.ActiveCfg = Debug|x64
		{521BCFEF-A14C-4FAB-B1FD-3AE4887DC891}.Debug|x64.Build.0 = Debug|x64
		{521BCFEF-A14C-4FAB-B1FD-3AE4887DC891}.Debug|x86.ActiveCfg = Debug|Win32
		{521BCFEF-A14C-4FAB-B1FD-3AE4887DC891}.Debug|x86.Build.0 = Debug|Win32
		{521BCFEF-A14C-4FAB-B1FD-3AE4887DC891}.Release|x64.ActiveCfg = Release|x64
		{521BCFEF-A14C-4FAB-B1FD-3AE4887DC891}.Release|x64.Build.0 = Release|x64
		{521BCFEF-A14C-4FAB-B1FD-3AE4887DC891}.Release|x86.ActiveCfg = Release|Win32
		{521BCFEF-A14C-4FAB-B1FD-3AE4887DC891}.Release|x86.Build.0 = Release|Win32
		{5AA44412-A68D-4FBB-BB9A-FA33EA7A803C}.Debug|x64.ActiveCfg = Debug|x64
		{5AA44412-A68D-4FBB-BB9A-FA33EA7A803C}.Debug|x64.Build.0 = Debug|x64
		{5AA44412-A68D-4FBB-BB9A-FA33EA7A803C}.Debug|x86.ActiveCfg = Debug|Win32
		{5AA44412-A68D-4FBB-BB9A-FA33EA7A803C}.Debug|x86.Build.0 = Debug|Win32
		{5AA44412-A68D-4FBB-BB9A-FA33EA7A803C}.Release|x64.ActiveCfg = Release|x64
		{5AA44412-A68D-4FBB-BB9A-FA33EA7A803C}.Release|x64.Build.0 = Release|x64
		{5AA44412-A68D-4FBB-BB9A-FA33EA7A803C}.Release|x86.ActiveCfg = Release|Win32
		{5AA44412-A68D-4FBB-BB9A-FA33EA7A803C}.Release|x86.Build.0 = Release|Win32
		{0C6C2FC2-1E51-4F54-8F1F-DB6C495B2FC1}.Debug|x64.ActiveCfg = Debug|x64
		{0C6C2FC2-1E51-4F54-8F1F-DB6C495B2FC1}.Debug|x64.Build.0 = Debug|x64
		{0C6C2FC2-1E51-4F54-8F1F-DB6C495B2FC1}.Debug|x86.ActiveCfg = Debug|Win32
		{0C6C2FC2-1E51-4F54-8F1F-DB6C495B2FC1}.Debug|x86.Build.0 = Debug|Win32
		{0C6C2FC2-1E51-4F54-8F1F-DB6C495B2FC1}.Release|x64.ActiveCfg = Release|x64
		{0C6C2FC2-1E51-4F54-8F1F-DB6C495B2FC1}.Release|x64.Build.0 = Release|x64
		{0C6C2FC2-1E51-4F54-8F1F-DB6C495B2FC1}.Release|x86.ActiveCfg = Release|Win32
		{0C6C2FC2-1E51-4F54-8F1F-DB6C495B2FC1}.Release|x86.Build.0 = Release|Win32
		{0C855495-E367-41D8-A530-C4782C88BF10}.Debug|x64.ActiveCfg = Debug|x64
		{0C855495-E367-41D8-A530-C4782C88BF10}.Debug|x64.Build.0 = Debug|x64
		{0C855495-E367-41D8-A530-C4782C88BF10}.Debug|x86.ActiveCfg = Debug|Win32
		{0C855495-E367-41D8-A530-C4782C88BF10}.Debug|x86.Build.0 = Debug|Win32
		{0C855495-E367-41D8-A530-C4782C88BF10}.Release|x64.ActiveCfg = Release|x64
		{0C855495-E367-41D8-A530-C4782C88BF10}.Release|x64.Build.0 = Release|x64
		{0C855495-E367-41D8-A530-C4782C88BF10}.Release|x86.ActiveCfg = Release|Win32
		{0C855495-E367-41D8-A530-C4782C88BF10}.Release|x86.Build.0 = Release|Win32
		{CD85A515-D6C7-40BD-A953-2F99625C37B3}.Debug|x64.ActiveCfg = Debug|x64
		{CD85A515-D6C7-40BD-A953-2F99625C37B3}.Debug|x64.Build.0 = Debug|x64
		{CD85A515-D6C7-40BD-A953-2F99625C37B3}.Debug|x86.ActiveCfg = Debug|Win32
		{CD85A515-D6C7-40BD-A953-2F99625C37B3}.Debug|x86.Build.0 = Debug|Win32
		{CD85A515-D6C7-40BD-A953-2F99625C37B3}.Release|x64.ActiveCfg = Release|x64
		{CD85A515-D6C7-40BD-A953-2F99625C37B3}.Release|x64.Build.0 = Release|x64
		{CD85A515-D6C7-40BD-A953-2F99625C37B3}.Release|x86.ActiveCfg = Release|Win32
		{CD85A515-D6C7-40BD-A953-2F99625C37B3}.Release|x86.Build.0 = Release|Win32
		{DA53CC57-641D-4657-8EF8-72C8B6FD72CF}.Debug|x64.ActiveCfg = Debug|x64
		{DA53CC57-641D-4657-8EF8-72C8B6FD72CF}.Debug|x64.Build.0 = Debug|x64
		{DA53CC57-641D-4657-8EF8-72C8B6FD72CF}.Debug|x86.ActiveCfg = Debug|Win32
		{DA53CC57-641D-4657-8EF8-72C8B6FD72CF}.Debug|x86.Build.0 = Debug|Win32
		{DA53CC57-641D-4657-8EF8-72C8B6FD72CF}.Release|x64.ActiveCfg = Release|x64
		{DA53CC57-641D-4657-8EF8-72C8B6FD72CF}.Release|x64.Build.0 = Release|x64
		{DA53CC57-641D-4657-8EF8-72C8B6FD72CF}.Release|x86.ActiveCfg = Release|Win32
		{DA53CC57-641D-4657-8EF8-72C8B6FD72CF}.Release|x86.Build.0 = Release|Win32
		{967DE601-0989-4E3B-87AD-42552BA96A76}.Debug|x64.ActiveCfg = Debug|x64
		{967DE601-0989-4E3B-87AD-42552BA96A76}.Debug|x64.Build.0 = Debug|x64
		{967DE601-0989-4E3B-87AD-42552BA96A76}.Debug|x86.ActiveCfg = Debug|Win32
		{967DE601-0989-4E3B-87AD-42552BA96A76}.Debug|x86.Build.0 = Debug|Win32
		{967DE601-0989-4E3B-87AD-42552BA96A76}.Release|x64.ActiveCfg = Release|x64
		{967DE601-0989-4E3B-87AD-42552BA96A76}.Release|x64.Build.0 = Release|x64
		{967DE601-0989-4E3B-87AD-42552BA96A76}.Release|x86.ActiveCfg = Release|Win32
		{967DE601-0989-4E3B-87AD-42552BA96A76}.Release|x86.Build.0 = Release|Win32
	EndGlobalSection
	GlobalSection(SolutionProperties) = preSolution
		HideSolutionNode = FALSE
	EndGlobalSection
	GlobalSection(NestedProjects) = preSolution
		{D374CEDD-6D4A-4A7E-9109-0807ADC58B5E} = {47FBC8D9-F513-4D5D-AC09-5773E587648B}
		{504E8E58-6616-4FDF-A872-805230CAF5B1} = {47FBC8D9-F513-4D5D-AC09-5773E587648B}
		{47FBC8D9-F513-4D5D-AC09-5773E587648B} = {BE2F281F-5D73-46B1-B12D-65F4341B39D0}
		{5B1F3D37-653E-46AF-94BF-746AEB731C31} = {BE2F281F-5D73-46B1-B12D-65F4341B39D0}
		{DCF244A3-0AB7-4982-944C-5A71619CFF25} = {5B1F3D37-653E-46AF-94BF-746AEB731C31}
		{F39B6B4B-CF87-4B44-A37C-FD8D82CF2595} = {5B1F3D37-653E-46AF-94BF-746AEB731C31}
		{FB530CE8-80B3-4BE4-9233-6EDE76403DE8} = {5B1F3D37-653E-46AF-94BF-746AEB731C31}
		{8781177F-756B-4FDD-BABC-6A8D15050AE0} = {5B1F3D37-653E-46AF-94BF-746AEB731C31}
		{2B220551-6172-4BFC-A4B4-C40C9734491F} = {811DAE9D-72A2-428D-851F-EE764A00FAC2}
		{655ABD63-3997-4B0A-91BD-F6D3ABD28090} = {2B220551-6172-4BFC-A4B4-C40C9734491F}
		{521BCFEF-A14C-4FAB-B1FD-3AE4887DC891} = {2B220551-6172-4BFC-A4B4-C40C9734491F}
		{83F93B2B-F423-473C-A5AC-4D00382D54A4} = {BE2F281F-5D73-46B1-B12D-65F4341B39D0}
		{5AA44412-A68D-4FBB-BB9A-FA33EA7A803C} = {83F93B2B-F423-473C-A5AC-4D00382D54A4}
		{811DAE9D-72A2-428D-851F-EE764A00FAC2} = {BE2F281F-5D73-46B1-B12D-65F4341B39D0}
		{0C6C2FC2-1E51-4F54-8F1F-DB6C495B2FC1} = {811DAE9D-72A2-428D-851F-EE764A00FAC2}
		{0C855495-E367-41D8-A530-C4782C88BF10} = {811DAE9D-72A2-428D-851F-EE764A00FAC2}
		{CD85A515-D6C7-40BD-A953-2F99625C37B3} = {811DAE9D-72A2-428D-851F-EE764A00FAC2}
		{DA53CC57-641D-4657-8EF8-72C8B6FD72CF} = {811DAE9D-72A2-428D-851F-EE764A00FAC2}
		{967DE601-0989-4E3B-87AD-42552BA96A76} = {811DAE9D-72A2-428D-851F-EE764A00FAC2}
	EndGlobalSection
	GlobalSection(ExtensibilityGlobals) = postSolution
		SolutionGuid = {C3DEB695-48C7-4777-87D0-687CA9C2DE66}
	EndGlobalSection
EndGlobal
